
Microsoft Visual Studio Solution File, Format Version 12.00
# Visual Studio Version 17
VisualStudioVersion = 17.3.32825.248
MinimumVisualStudioVersion = 10.0.40219.1
Project("{2150E333-8FDC-42A3-9474-1A3956D46DE8}") = "libaries", "libaries", "{6D9E45E3-F3C1-4A9D-A62D-72DDBA11C31B}"
	ProjectSection(SolutionItems) = preProject
		Libs\MJPEGDecoderWinRTLib.dll = Libs\MJPEGDecoderWinRTLib.dll
	EndProjectSection
EndProject
Project("{2150E333-8FDC-42A3-9474-1A3956D46DE8}") = "Solution Items", "Solution Items", "{A5CFF8A8-CFA1-4C8F-A197-4F095FAC2B76}"
	ProjectSection(SolutionItems) = preProject
		.editorconfig = .editorconfig
	EndProjectSection
EndProject
Project("{9A19103F-16F7-4668-BE54-9A1E7A4F7556}") = "openHAB.Core", "src\openHAB.Core\openHAB.Core.csproj", "{2A8FD10E-4EE5-4E25-B47C-2296E071F482}"
EndProject
Project("{9A19103F-16F7-4668-BE54-9A1E7A4F7556}") = "openHAB.Windows", "src\openHAB.Windows\openHAB.Windows.csproj", "{D65E41CE-1AE7-403A-B178-D69E8DAFB08B}"
EndProject
Project("{9A19103F-16F7-4668-BE54-9A1E7A4F7556}") = "openHAB.Core.Client", "src\openHAB.Core.Client\openHAB.Core.Client.csproj", "{3B8F31DD-1AF2-47CF-B7DB-3B732FE4EC5A}"
EndProject
Project("{9A19103F-16F7-4668-BE54-9A1E7A4F7556}") = "openHAB.Common", "src\openHAB.Common\openHAB.Common.csproj", "{E53B599D-4BDB-40B1-86E4-47FB90420138}"
EndProject
Global
	GlobalSection(SolutionConfigurationPlatforms) = preSolution
		Debug|Any CPU = Debug|Any CPU
		Debug|ARM = Debug|ARM
		Debug|arm64 = Debug|arm64
		Debug|x64 = Debug|x64
		Debug|x86 = Debug|x86
		Release|Any CPU = Release|Any CPU
		Release|ARM = Release|ARM
		Release|arm64 = Release|arm64
		Release|x64 = Release|x64
		Release|x86 = Release|x86
	EndGlobalSection
	GlobalSection(ProjectConfigurationPlatforms) = postSolution
		{2A8FD10E-4EE5-4E25-B47C-2296E071F482}.Debug|Any CPU.ActiveCfg = Debug|x64
		{2A8FD10E-4EE5-4E25-B47C-2296E071F482}.Debug|Any CPU.Build.0 = Debug|x64
		{2A8FD10E-4EE5-4E25-B47C-2296E071F482}.Debug|ARM.ActiveCfg = Debug|ARM
		{2A8FD10E-4EE5-4E25-B47C-2296E071F482}.Debug|ARM.Build.0 = Debug|ARM
		{2A8FD10E-4EE5-4E25-B47C-2296E071F482}.Debug|arm64.ActiveCfg = Debug|arm64
		{2A8FD10E-4EE5-4E25-B47C-2296E071F482}.Debug|arm64.Build.0 = Debug|arm64
		{2A8FD10E-4EE5-4E25-B47C-2296E071F482}.Debug|x64.ActiveCfg = Debug|x64
		{2A8FD10E-4EE5-4E25-B47C-2296E071F482}.Debug|x64.Build.0 = Debug|x64
		{2A8FD10E-4EE5-4E25-B47C-2296E071F482}.Debug|x86.ActiveCfg = Debug|x86
		{2A8FD10E-4EE5-4E25-B47C-2296E071F482}.Debug|x86.Build.0 = Debug|x86
		{2A8FD10E-4EE5-4E25-B47C-2296E071F482}.Release|Any CPU.ActiveCfg = Release|x64
		{2A8FD10E-4EE5-4E25-B47C-2296E071F482}.Release|Any CPU.Build.0 = Release|x64
		{2A8FD10E-4EE5-4E25-B47C-2296E071F482}.Release|ARM.ActiveCfg = Release|ARM
		{2A8FD10E-4EE5-4E25-B47C-2296E071F482}.Release|ARM.Build.0 = Release|ARM
		{2A8FD10E-4EE5-4E25-B47C-2296E071F482}.Release|arm64.ActiveCfg = Release|arm64
		{2A8FD10E-4EE5-4E25-B47C-2296E071F482}.Release|arm64.Build.0 = Release|arm64
		{2A8FD10E-4EE5-4E25-B47C-2296E071F482}.Release|x64.ActiveCfg = Release|x64
		{2A8FD10E-4EE5-4E25-B47C-2296E071F482}.Release|x64.Build.0 = Release|x64
		{2A8FD10E-4EE5-4E25-B47C-2296E071F482}.Release|x86.ActiveCfg = Release|x86
		{2A8FD10E-4EE5-4E25-B47C-2296E071F482}.Release|x86.Build.0 = Release|x86
		{D65E41CE-1AE7-403A-B178-D69E8DAFB08B}.Debug|Any CPU.ActiveCfg = Debug|x64
		{D65E41CE-1AE7-403A-B178-D69E8DAFB08B}.Debug|Any CPU.Build.0 = Debug|x64
		{D65E41CE-1AE7-403A-B178-D69E8DAFB08B}.Debug|Any CPU.Deploy.0 = Debug|x64
		{D65E41CE-1AE7-403A-B178-D69E8DAFB08B}.Debug|ARM.ActiveCfg = Debug|ARM
		{D65E41CE-1AE7-403A-B178-D69E8DAFB08B}.Debug|ARM.Build.0 = Debug|ARM
		{D65E41CE-1AE7-403A-B178-D69E8DAFB08B}.Debug|ARM.Deploy.0 = Debug|ARM
		{D65E41CE-1AE7-403A-B178-D69E8DAFB08B}.Debug|arm64.ActiveCfg = Debug|arm64
		{D65E41CE-1AE7-403A-B178-D69E8DAFB08B}.Debug|arm64.Build.0 = Debug|arm64
		{D65E41CE-1AE7-403A-B178-D69E8DAFB08B}.Debug|arm64.Deploy.0 = Debug|arm64
		{D65E41CE-1AE7-403A-B178-D69E8DAFB08B}.Debug|x64.ActiveCfg = Debug|x64
		{D65E41CE-1AE7-403A-B178-D69E8DAFB08B}.Debug|x64.Build.0 = Debug|x64
		{D65E41CE-1AE7-403A-B178-D69E8DAFB08B}.Debug|x64.Deploy.0 = Debug|x64
		{D65E41CE-1AE7-403A-B178-D69E8DAFB08B}.Debug|x86.ActiveCfg = Debug|x86
		{D65E41CE-1AE7-403A-B178-D69E8DAFB08B}.Debug|x86.Build.0 = Debug|x86
		{D65E41CE-1AE7-403A-B178-D69E8DAFB08B}.Debug|x86.Deploy.0 = Debug|x86
		{D65E41CE-1AE7-403A-B178-D69E8DAFB08B}.Release|Any CPU.ActiveCfg = Release|x64
		{D65E41CE-1AE7-403A-B178-D69E8DAFB08B}.Release|Any CPU.Build.0 = Release|x64
		{D65E41CE-1AE7-403A-B178-D69E8DAFB08B}.Release|Any CPU.Deploy.0 = Release|x64
		{D65E41CE-1AE7-403A-B178-D69E8DAFB08B}.Release|ARM.ActiveCfg = Release|ARM
		{D65E41CE-1AE7-403A-B178-D69E8DAFB08B}.Release|ARM.Build.0 = Release|ARM
		{D65E41CE-1AE7-403A-B178-D69E8DAFB08B}.Release|ARM.Deploy.0 = Release|ARM
		{D65E41CE-1AE7-403A-B178-D69E8DAFB08B}.Release|arm64.ActiveCfg = Release|arm64
		{D65E41CE-1AE7-403A-B178-D69E8DAFB08B}.Release|arm64.Build.0 = Release|arm64
		{D65E41CE-1AE7-403A-B178-D69E8DAFB08B}.Release|arm64.Deploy.0 = Release|arm64
		{D65E41CE-1AE7-403A-B178-D69E8DAFB08B}.Release|x64.ActiveCfg = Release|x64
		{D65E41CE-1AE7-403A-B178-D69E8DAFB08B}.Release|x64.Build.0 = Release|x64
		{D65E41CE-1AE7-403A-B178-D69E8DAFB08B}.Release|x64.Deploy.0 = Release|x64
		{D65E41CE-1AE7-403A-B178-D69E8DAFB08B}.Release|x86.ActiveCfg = Release|x86
		{D65E41CE-1AE7-403A-B178-D69E8DAFB08B}.Release|x86.Build.0 = Release|x86
		{D65E41CE-1AE7-403A-B178-D69E8DAFB08B}.Release|x86.Deploy.0 = Release|x86
		{3B8F31DD-1AF2-47CF-B7DB-3B732FE4EC5A}.Debug|Any CPU.ActiveCfg = Debug|x64
		{3B8F31DD-1AF2-47CF-B7DB-3B732FE4EC5A}.Debug|Any CPU.Build.0 = Debug|x64
		{3B8F31DD-1AF2-47CF-B7DB-3B732FE4EC5A}.Debug|ARM.ActiveCfg = Debug|x64
		{3B8F31DD-1AF2-47CF-B7DB-3B732FE4EC5A}.Debug|ARM.Build.0 = Debug|x64
		{3B8F31DD-1AF2-47CF-B7DB-3B732FE4EC5A}.Debug|arm64.ActiveCfg = Debug|arm64
		{3B8F31DD-1AF2-47CF-B7DB-3B732FE4EC5A}.Debug|arm64.Build.0 = Debug|arm64
		{3B8F31DD-1AF2-47CF-B7DB-3B732FE4EC5A}.Debug|x64.ActiveCfg = Debug|x64
		{3B8F31DD-1AF2-47CF-B7DB-3B732FE4EC5A}.Debug|x64.Build.0 = Debug|x64
		{3B8F31DD-1AF2-47CF-B7DB-3B732FE4EC5A}.Debug|x86.ActiveCfg = Debug|x86
		{3B8F31DD-1AF2-47CF-B7DB-3B732FE4EC5A}.Debug|x86.Build.0 = Debug|x86
		{3B8F31DD-1AF2-47CF-B7DB-3B732FE4EC5A}.Release|Any CPU.ActiveCfg = Release|x64
		{3B8F31DD-1AF2-47CF-B7DB-3B732FE4EC5A}.Release|Any CPU.Build.0 = Release|x64
		{3B8F31DD-1AF2-47CF-B7DB-3B732FE4EC5A}.Release|ARM.ActiveCfg = Release|x64
		{3B8F31DD-1AF2-47CF-B7DB-3B732FE4EC5A}.Release|ARM.Build.0 = Release|x64
		{3B8F31DD-1AF2-47CF-B7DB-3B732FE4EC5A}.Release|arm64.ActiveCfg = Release|arm64
		{3B8F31DD-1AF2-47CF-B7DB-3B732FE4EC5A}.Release|arm64.Build.0 = Release|arm64
		{3B8F31DD-1AF2-47CF-B7DB-3B732FE4EC5A}.Release|x64.ActiveCfg = Release|x64
		{3B8F31DD-1AF2-47CF-B7DB-3B732FE4EC5A}.Release|x64.Build.0 = Release|x64
		{3B8F31DD-1AF2-47CF-B7DB-3B732FE4EC5A}.Release|x86.ActiveCfg = Release|x86
		{3B8F31DD-1AF2-47CF-B7DB-3B732FE4EC5A}.Release|x86.Build.0 = Release|x86
		{E53B599D-4BDB-40B1-86E4-47FB90420138}.Debug|Any CPU.ActiveCfg = Debug|Any CPU
		{E53B599D-4BDB-40B1-86E4-47FB90420138}.Debug|Any CPU.Build.0 = Debug|Any CPU
		{E53B599D-4BDB-40B1-86E4-47FB90420138}.Debug|ARM.ActiveCfg = Debug|Any CPU
		{E53B599D-4BDB-40B1-86E4-47FB90420138}.Debug|ARM.Build.0 = Debug|Any CPU
		{E53B599D-4BDB-40B1-86E4-47FB90420138}.Debug|arm64.ActiveCfg = Debug|Any CPU
		{E53B599D-4BDB-40B1-86E4-47FB90420138}.Debug|arm64.Build.0 = Debug|Any CPU
		{E53B599D-4BDB-40B1-86E4-47FB90420138}.Debug|x64.ActiveCfg = Debug|Any CPU
		{E53B599D-4BDB-40B1-86E4-47FB90420138}.Debug|x64.Build.0 = Debug|Any CPU
		{E53B599D-4BDB-40B1-86E4-47FB90420138}.Debug|x86.ActiveCfg = Debug|Any CPU
		{E53B599D-4BDB-40B1-86E4-47FB90420138}.Debug|x86.Build.0 = Debug|Any CPU
		{E53B599D-4BDB-40B1-86E4-47FB90420138}.Release|Any CPU.ActiveCfg = Release|Any CPU
		{E53B599D-4BDB-40B1-86E4-47FB90420138}.Release|Any CPU.Build.0 = Release|Any CPU
		{E53B599D-4BDB-40B1-86E4-47FB90420138}.Release|ARM.ActiveCfg = Release|Any CPU
		{E53B599D-4BDB-40B1-86E4-47FB90420138}.Release|ARM.Build.0 = Release|Any CPU
		{E53B599D-4BDB-40B1-86E4-47FB90420138}.Release|arm64.ActiveCfg = Release|Any CPU
		{E53B599D-4BDB-40B1-86E4-47FB90420138}.Release|arm64.Build.0 = Release|Any CPU
		{E53B599D-4BDB-40B1-86E4-47FB90420138}.Release|x64.ActiveCfg = Release|Any CPU
		{E53B599D-4BDB-40B1-86E4-47FB90420138}.Release|x64.Build.0 = Release|Any CPU
		{E53B599D-4BDB-40B1-86E4-47FB90420138}.Release|x86.ActiveCfg = Release|Any CPU
		{E53B599D-4BDB-40B1-86E4-47FB90420138}.Release|x86.Build.0 = Release|Any CPU
	EndGlobalSection
	GlobalSection(SolutionProperties) = preSolution
		HideSolutionNode = FALSE
	EndGlobalSection
	GlobalSection(ExtensibilityGlobals) = postSolution
		SolutionGuid = {8D1730AD-8D06-4636-8DC0-1361C9AC8EF3}
	EndGlobalSection
EndGlobal
